
Microsoft Visual Studio Solution File, Format Version 12.00
# Visual Studio 15
VisualStudioVersion = 15.0.28010.2016
MinimumVisualStudioVersion = 10.0.40219.1
Project("{FAE04EC0-301F-11D3-BF4B-00C04F79EFBC}") = "GeomancyApp", "GeomancyApp\GeomancyApp.csproj", "{DE9122FB-EFB6-4143-8630-60E1E55A7314}"
EndProject
Global
	GlobalSection(SolutionConfigurationPlatforms) = preSolution
		Debug|Any CPU = Debug|Any CPU
		Release|Any CPU = Release|Any CPU
	EndGlobalSection
	GlobalSection(ProjectConfigurationPlatforms) = postSolution
		{DE9122FB-EFB6-4143-8630-60E1E55A7314}.Debug|Any CPU.ActiveCfg = Debug|Any CPU
		{DE9122FB-EFB6-4143-8630-60E1E55A7314}.Debug|Any CPU.Build.0 = Debug|Any CPU
		{DE9122FB-EFB6-4143-8630-60E1E55A7314}.Release|Any CPU.ActiveCfg = Release|Any CPU
		{DE9122FB-EFB6-4143-8630-60E1E55A7314}.Release|Any CPU.Build.0 = Release|Any CPU
	EndGlobalSection
	GlobalSection(SolutionProperties) = preSolution
		HideSolutionNode = FALSE
	EndGlobalSection
	GlobalSection(ExtensibilityGlobals) = postSolution
		SolutionGuid = {5002D08B-FEC5-450C-9883-FAE78D36BB2B}
	EndGlobalSection
EndGlobal
